// !$*UTF8*$!
{
	archiveVersion = 1;
	classes = {
	};
	objectVersion = 55;
	objects = {

/* Begin PBXBuildFile section */
		9694DBC927FD440400A79E23 /* GoalCalory.swift in Sources */ = {isa = PBXBuildFile; fileRef = 9694DBC827FD440400A79E23 /* GoalCalory.swift */; };
		9694DBCB27FD4D1000A79E23 /* CalorieNinjasApi.swift in Sources */ = {isa = PBXBuildFile; fileRef = 9694DBCA27FD4D1000A79E23 /* CalorieNinjasApi.swift */; };
		D049CE0B27F622500080E226 /* CalPalApp.swift in Sources */ = {isa = PBXBuildFile; fileRef = D049CE0A27F622500080E226 /* CalPalApp.swift */; };
		D049CE0F27F622510080E226 /* Assets.xcassets in Resources */ = {isa = PBXBuildFile; fileRef = D049CE0E27F622510080E226 /* Assets.xcassets */; };
		D049CE1227F622510080E226 /* Preview Assets.xcassets in Resources */ = {isa = PBXBuildFile; fileRef = D049CE1127F622510080E226 /* Preview Assets.xcassets */; };
		D049CE1927F622DB0080E226 /* HomeViewController.swift in Sources */ = {isa = PBXBuildFile; fileRef = D049CE1827F622DB0080E226 /* HomeViewController.swift */; };
		D049CE1B27F623010080E226 /* MenuView.swift in Sources */ = {isa = PBXBuildFile; fileRef = D049CE1A27F623010080E226 /* MenuView.swift */; };
		D049CE1F27F623390080E226 /* LogView.swift in Sources */ = {isa = PBXBuildFile; fileRef = D049CE1E27F623390080E226 /* LogView.swift */; };
		D049CE2127F623520080E226 /* ProfileView.swift in Sources */ = {isa = PBXBuildFile; fileRef = D049CE2027F623520080E226 /* ProfileView.swift */; };
		D049CE2327F623730080E226 /* StatsView.swift in Sources */ = {isa = PBXBuildFile; fileRef = D049CE2227F623730080E226 /* StatsView.swift */; };
		D0B2596027F6314A00026898 /* FoodModel.xcdatamodeld in Sources */ = {isa = PBXBuildFile; fileRef = D0B2595E27F6314A00026898 /* FoodModel.xcdatamodeld */; };
		D0B2596227F637A400026898 /* DataController.swift in Sources */ = {isa = PBXBuildFile; fileRef = D0B2596127F637A400026898 /* DataController.swift */; };
		D0B2596627F656C800026898 /* DateForm.swift in Sources */ = {isa = PBXBuildFile; fileRef = D0B2596527F656C800026898 /* DateForm.swift */; };
		D0B2596A27F6644900026898 /* EditView.swift in Sources */ = {isa = PBXBuildFile; fileRef = D0B2596927F6644900026898 /* EditView.swift */; };
		D0B2596C27F8C7D800026898 /* AddView.swift in Sources */ = {isa = PBXBuildFile; fileRef = D0B2596B27F8C7D800026898 /* AddView.swift */; };
/* End PBXBuildFile section */

/* Begin PBXFileReference section */
		9694DBC827FD440400A79E23 /* GoalCalory.swift */ = {isa = PBXFileReference; lastKnownFileType = sourcecode.swift; path = GoalCalory.swift; sourceTree = "<group>"; };
		9694DBCA27FD4D1000A79E23 /* CalorieNinjasApi.swift */ = {isa = PBXFileReference; lastKnownFileType = sourcecode.swift; path = CalorieNinjasApi.swift; sourceTree = "<group>"; };
		D049CE0727F622500080E226 /* CalPal.app */ = {isa = PBXFileReference; explicitFileType = wrapper.application; includeInIndex = 0; path = CalPal.app; sourceTree = BUILT_PRODUCTS_DIR; };
		D049CE0A27F622500080E226 /* CalPalApp.swift */ = {isa = PBXFileReference; lastKnownFileType = sourcecode.swift; path = CalPalApp.swift; sourceTree = "<group>"; };
		D049CE0E27F622510080E226 /* Assets.xcassets */ = {isa = PBXFileReference; lastKnownFileType = folder.assetcatalog; path = Assets.xcassets; sourceTree = "<group>"; };
		D049CE1127F622510080E226 /* Preview Assets.xcassets */ = {isa = PBXFileReference; lastKnownFileType = folder.assetcatalog; path = "Preview Assets.xcassets"; sourceTree = "<group>"; };
		D049CE1827F622DB0080E226 /* HomeViewController.swift */ = {isa = PBXFileReference; lastKnownFileType = sourcecode.swift; path = HomeViewController.swift; sourceTree = "<group>"; };
		D049CE1A27F623010080E226 /* MenuView.swift */ = {isa = PBXFileReference; lastKnownFileType = sourcecode.swift; path = MenuView.swift; sourceTree = "<group>"; };
		D049CE1E27F623390080E226 /* LogView.swift */ = {isa = PBXFileReference; lastKnownFileType = sourcecode.swift; path = LogView.swift; sourceTree = "<group>"; };
		D049CE2027F623520080E226 /* ProfileView.swift */ = {isa = PBXFileReference; lastKnownFileType = sourcecode.swift; path = ProfileView.swift; sourceTree = "<group>"; };
		D049CE2227F623730080E226 /* StatsView.swift */ = {isa = PBXFileReference; lastKnownFileType = sourcecode.swift; path = StatsView.swift; sourceTree = "<group>"; };
		D0B2595F27F6314A00026898 /* FoodModel.xcdatamodel */ = {isa = PBXFileReference; lastKnownFileType = wrapper.xcdatamodel; path = FoodModel.xcdatamodel; sourceTree = "<group>"; };
		D0B2596127F637A400026898 /* DataController.swift */ = {isa = PBXFileReference; lastKnownFileType = sourcecode.swift; path = DataController.swift; sourceTree = "<group>"; };
		D0B2596527F656C800026898 /* DateForm.swift */ = {isa = PBXFileReference; lastKnownFileType = sourcecode.swift; path = DateForm.swift; sourceTree = "<group>"; };
		D0B2596927F6644900026898 /* EditView.swift */ = {isa = PBXFileReference; lastKnownFileType = sourcecode.swift; path = EditView.swift; sourceTree = "<group>"; };
		D0B2596B27F8C7D800026898 /* AddView.swift */ = {isa = PBXFileReference; lastKnownFileType = sourcecode.swift; path = AddView.swift; sourceTree = "<group>"; };
/* End PBXFileReference section */

/* Begin PBXFrameworksBuildPhase section */
		D049CE0427F622500080E226 /* Frameworks */ = {
			isa = PBXFrameworksBuildPhase;
			buildActionMask = 2147483647;
			files = (
			);
			runOnlyForDeploymentPostprocessing = 0;
		};
/* End PBXFrameworksBuildPhase section */

/* Begin PBXGroup section */
		D049CDFE27F622500080E226 = {
			isa = PBXGroup;
			children = (
				D049CE0927F622500080E226 /* CalPal */,
				D049CE0827F622500080E226 /* Products */,
			);
			sourceTree = "<group>";
		};
		D049CE0827F622500080E226 /* Products */ = {
			isa = PBXGroup;
			children = (
				D049CE0727F622500080E226 /* CalPal.app */,
			);
			name = Products;
			sourceTree = "<group>";
		};
		D049CE0927F622500080E226 /* CalPal */ = {
			isa = PBXGroup;
			children = (
				D049CE0A27F622500080E226 /* CalPalApp.swift */,
				D0B2596427F6448A00026898 /* Helpers */,
				D0B2596327F6447E00026898 /* Views */,
				D0B2595D27F6312A00026898 /* DataModel */,
				D049CE0E27F622510080E226 /* Assets.xcassets */,
				D049CE1027F622510080E226 /* Preview Content */,
			);
			path = CalPal;
			sourceTree = "<group>";
		};
		D049CE1027F622510080E226 /* Preview Content */ = {
			isa = PBXGroup;
			children = (
				D049CE1127F622510080E226 /* Preview Assets.xcassets */,
			);
			path = "Preview Content";
			sourceTree = "<group>";
		};
		D0B2595D27F6312A00026898 /* DataModel */ = {
			isa = PBXGroup;
			children = (
				D0B2595E27F6314A00026898 /* FoodModel.xcdatamodeld */,
				D0B2596127F637A400026898 /* DataController.swift */,
			);
			path = DataModel;
			sourceTree = "<group>";
		};
		D0B2596327F6447E00026898 /* Views */ = {
			isa = PBXGroup;
			children = (
				D049CE1827F622DB0080E226 /* HomeViewController.swift */,
				D049CE1A27F623010080E226 /* MenuView.swift */,
				D049CE1E27F623390080E226 /* LogView.swift */,
				D0B2596B27F8C7D800026898 /* AddView.swift */,
				D049CE2027F623520080E226 /* ProfileView.swift */,
				D049CE2227F623730080E226 /* StatsView.swift */,
				D0B2596927F6644900026898 /* EditView.swift */,
			);
			path = Views;
			sourceTree = "<group>";
		};
		D0B2596427F6448A00026898 /* Helpers */ = {
			isa = PBXGroup;
			children = (
				9694DBC827FD440400A79E23 /* GoalCalory.swift */,
				D0B2596527F656C800026898 /* DateForm.swift */,
				9694DBCA27FD4D1000A79E23 /* CalorieNinjasApi.swift */,
			);
			path = Helpers;
			sourceTree = "<group>";
		};
/* End PBXGroup section */

/* Begin PBXNativeTarget section */
		D049CE0627F622500080E226 /* CalPal */ = {
			isa = PBXNativeTarget;
			buildConfigurationList = D049CE1527F622510080E226 /* Build configuration list for PBXNativeTarget "CalPal" */;
			buildPhases = (
				D049CE0327F622500080E226 /* Sources */,
				D049CE0427F622500080E226 /* Frameworks */,
				D049CE0527F622500080E226 /* Resources */,
			);
			buildRules = (
			);
			dependencies = (
			);
			name = CalPal;
			productName = CalPal;
			productReference = D049CE0727F622500080E226 /* CalPal.app */;
			productType = "com.apple.product-type.application";
		};
/* End PBXNativeTarget section */

/* Begin PBXProject section */
		D049CDFF27F622500080E226 /* Project object */ = {
			isa = PBXProject;
			attributes = {
				BuildIndependentTargetsInParallel = 1;
				LastSwiftUpdateCheck = 1320;
				LastUpgradeCheck = 1320;
				TargetAttributes = {
					D049CE0627F622500080E226 = {
						CreatedOnToolsVersion = 13.2.1;
					};
				};
			};
			buildConfigurationList = D049CE0227F622500080E226 /* Build configuration list for PBXProject "CalPal" */;
			compatibilityVersion = "Xcode 13.0";
			developmentRegion = en;
			hasScannedForEncodings = 0;
			knownRegions = (
				en,
				Base,
			);
			mainGroup = D049CDFE27F622500080E226;
			productRefGroup = D049CE0827F622500080E226 /* Products */;
			projectDirPath = "";
			projectRoot = "";
			targets = (
				D049CE0627F622500080E226 /* CalPal */,
			);
		};
/* End PBXProject section */

/* Begin PBXResourcesBuildPhase section */
		D049CE0527F622500080E226 /* Resources */ = {
			isa = PBXResourcesBuildPhase;
			buildActionMask = 2147483647;
			files = (
				D049CE1227F622510080E226 /* Preview Assets.xcassets in Resources */,
				D049CE0F27F622510080E226 /* Assets.xcassets in Resources */,
			);
			runOnlyForDeploymentPostprocessing = 0;
		};
/* End PBXResourcesBuildPhase section */

/* Begin PBXSourcesBuildPhase section */
		D049CE0327F622500080E226 /* Sources */ = {
			isa = PBXSourcesBuildPhase;
			buildActionMask = 2147483647;
			files = (
				D049CE1B27F623010080E226 /* MenuView.swift in Sources */,
				D0B2596027F6314A00026898 /* FoodModel.xcdatamodeld in Sources */,
				D0B2596627F656C800026898 /* DateForm.swift in Sources */,
				D049CE0B27F622500080E226 /* CalPalApp.swift in Sources */,
				9694DBC927FD440400A79E23 /* GoalCalory.swift in Sources */,
				D049CE1F27F623390080E226 /* LogView.swift in Sources */,
				D049CE2127F623520080E226 /* ProfileView.swift in Sources */,
				D0B2596C27F8C7D800026898 /* AddView.swift in Sources */,
				D0B2596A27F6644900026898 /* EditView.swift in Sources */,
				D0B2596227F637A400026898 /* DataController.swift in Sources */,
				D049CE2327F623730080E226 /* StatsView.swift in Sources */,
				9694DBCB27FD4D1000A79E23 /* CalorieNinjasApi.swift in Sources */,
				D049CE1927F622DB0080E226 /* HomeViewController.swift in Sources */,
			);
			runOnlyForDeploymentPostprocessing = 0;
		};
/* End PBXSourcesBuildPhase section */

/* Begin XCBuildConfiguration section */
		D049CE1327F622510080E226 /* Debug */ = {
			isa = XCBuildConfiguration;
			buildSettings = {
				ALWAYS_SEARCH_USER_PATHS = NO;
				CLANG_ANALYZER_NONNULL = YES;
				CLANG_ANALYZER_NUMBER_OBJECT_CONVERSION = YES_AGGRESSIVE;
				CLANG_CXX_LANGUAGE_STANDARD = "gnu++17";
				CLANG_CXX_LIBRARY = "libc++";
				CLANG_ENABLE_MODULES = YES;
				CLANG_ENABLE_OBJC_ARC = YES;
				CLANG_ENABLE_OBJC_WEAK = YES;
				CLANG_WARN_BLOCK_CAPTURE_AUTORELEASING = YES;
				CLANG_WARN_BOOL_CONVERSION = YES;
				CLANG_WARN_COMMA = YES;
				CLANG_WARN_CONSTANT_CONVERSION = YES;
				CLANG_WARN_DEPRECATED_OBJC_IMPLEMENTATIONS = YES;
				CLANG_WARN_DIRECT_OBJC_ISA_USAGE = YES_ERROR;
				CLANG_WARN_DOCUMENTATION_COMMENTS = YES;
				CLANG_WARN_EMPTY_BODY = YES;
				CLANG_WARN_ENUM_CONVERSION = YES;
				CLANG_WARN_INFINITE_RECURSION = YES;
				CLANG_WARN_INT_CONVERSION = YES;
				CLANG_WARN_NON_LITERAL_NULL_CONVERSION = YES;
				CLANG_WARN_OBJC_IMPLICIT_RETAIN_SELF = YES;
				CLANG_WARN_OBJC_LITERAL_CONVERSION = YES;
				CLANG_WARN_OBJC_ROOT_CLASS = YES_ERROR;
				CLANG_WARN_QUOTED_INCLUDE_IN_FRAMEWORK_HEADER = YES;
				CLANG_WARN_RANGE_LOOP_ANALYSIS = YES;
				CLANG_WARN_STRICT_PROTOTYPES = YES;
				CLANG_WARN_SUSPICIOUS_MOVE = YES;
				CLANG_WARN_UNGUARDED_AVAILABILITY = YES_AGGRESSIVE;
				CLANG_WARN_UNREACHABLE_CODE = YES;
				CLANG_WARN__DUPLICATE_METHOD_MATCH = YES;
				COPY_PHASE_STRIP = NO;
				DEBUG_INFORMATION_FORMAT = dwarf;
				ENABLE_STRICT_OBJC_MSGSEND = YES;
				ENABLE_TESTABILITY = YES;
				GCC_C_LANGUAGE_STANDARD = gnu11;
				GCC_DYNAMIC_NO_PIC = NO;
				GCC_NO_COMMON_BLOCKS = YES;
				GCC_OPTIMIZATION_LEVEL = 0;
				GCC_PREPROCESSOR_DEFINITIONS = (
					"DEBUG=1",
					"$(inherited)",
				);
				GCC_WARN_64_TO_32_BIT_CONVERSION = YES;
				GCC_WARN_ABOUT_RETURN_TYPE = YES_ERROR;
				GCC_WARN_UNDECLARED_SELECTOR = YES;
				GCC_WARN_UNINITIALIZED_AUTOS = YES_AGGRESSIVE;
				GCC_WARN_UNUSED_FUNCTION = YES;
				GCC_WARN_UNUSED_VARIABLE = YES;
				IPHONEOS_DEPLOYMENT_TARGET = 15.2;
				MTL_ENABLE_DEBUG_INFO = INCLUDE_SOURCE;
				MTL_FAST_MATH = YES;
				ONLY_ACTIVE_ARCH = YES;
				SDKROOT = iphoneos;
				SWIFT_ACTIVE_COMPILATION_CONDITIONS = DEBUG;
				SWIFT_OPTIMIZATION_LEVEL = "-Onone";
			};
			name = Debug;
		};
		D049CE1427F622510080E226 /* Release */ = {
			isa = XCBuildConfiguration;
			buildSettings = {
				ALWAYS_SEARCH_USER_PATHS = NO;
				CLANG_ANALYZER_NONNULL = YES;
				CLANG_ANALYZER_NUMBER_OBJECT_CONVERSION = YES_AGGRESSIVE;
				CLANG_CXX_LANGUAGE_STANDARD = "gnu++17";
				CLANG_CXX_LIBRARY = "libc++";
				CLANG_ENABLE_MODULES = YES;
				CLANG_ENABLE_OBJC_ARC = YES;
				CLANG_ENABLE_OBJC_WEAK = YES;
				CLANG_WARN_BLOCK_CAPTURE_AUTORELEASING = YES;
				CLANG_WARN_BOOL_CONVERSION = YES;
				CLANG_WARN_COMMA = YES;
				CLANG_WARN_CONSTANT_CONVERSION = YES;
				CLANG_WARN_DEPRECATED_OBJC_IMPLEMENTATIONS = YES;
				CLANG_WARN_DIRECT_OBJC_ISA_USAGE = YES_ERROR;
				CLANG_WARN_DOCUMENTATION_COMMENTS = YES;
				CLANG_WARN_EMPTY_BODY = YES;
				CLANG_WARN_ENUM_CONVERSION = YES;
				CLANG_WARN_INFINITE_RECURSION = YES;
				CLANG_WARN_INT_CONVERSION = YES;
				CLANG_WARN_NON_LITERAL_NULL_CONVERSION = YES;
				CLANG_WARN_OBJC_IMPLICIT_RETAIN_SELF = YES;
				CLANG_WARN_OBJC_LITERAL_CONVERSION = YES;
				CLANG_WARN_OBJC_ROOT_CLASS = YES_ERROR;
				CLANG_WARN_QUOTED_INCLUDE_IN_FRAMEWORK_HEADER = YES;
				CLANG_WARN_RANGE_LOOP_ANALYSIS = YES;
				CLANG_WARN_STRICT_PROTOTYPES = YES;
				CLANG_WARN_SUSPICIOUS_MOVE = YES;
				CLANG_WARN_UNGUARDED_AVAILABILITY = YES_AGGRESSIVE;
				CLANG_WARN_UNREACHABLE_CODE = YES;
				CLANG_WARN__DUPLICATE_METHOD_MATCH = YES;
				COPY_PHASE_STRIP = NO;
				DEBUG_INFORMATION_FORMAT = "dwarf-with-dsym";
				ENABLE_NS_ASSERTIONS = NO;
				ENABLE_STRICT_OBJC_MSGSEND = YES;
				GCC_C_LANGUAGE_STANDARD = gnu11;
				GCC_NO_COMMON_BLOCKS = YES;
				GCC_WARN_64_TO_32_BIT_CONVERSION = YES;
				GCC_WARN_ABOUT_RETURN_TYPE = YES_ERROR;
				GCC_WARN_UNDECLARED_SELECTOR = YES;
				GCC_WARN_UNINITIALIZED_AUTOS = YES_AGGRESSIVE;
				GCC_WARN_UNUSED_FUNCTION = YES;
				GCC_WARN_UNUSED_VARIABLE = YES;
				IPHONEOS_DEPLOYMENT_TARGET = 15.2;
				MTL_ENABLE_DEBUG_INFO = NO;
				MTL_FAST_MATH = YES;
				SDKROOT = iphoneos;
				SWIFT_COMPILATION_MODE = wholemodule;
				SWIFT_OPTIMIZATION_LEVEL = "-O";
				VALIDATE_PRODUCT = YES;
			};
			name = Release;
		};
		D049CE1627F622510080E226 /* Debug */ = {
			isa = XCBuildConfiguration;
			buildSettings = {
				ASSETCATALOG_COMPILER_APPICON_NAME = AppIcon;
				ASSETCATALOG_COMPILER_GLOBAL_ACCENT_COLOR_NAME = AccentColor;
				CODE_SIGN_STYLE = Automatic;
				CURRENT_PROJECT_VERSION = 1;
				DEVELOPMENT_ASSET_PATHS = "\"CalPal/Preview Content\"";
				ENABLE_PREVIEWS = YES;
				GENERATE_INFOPLIST_FILE = YES;
				INFOPLIST_KEY_UIApplicationSceneManifest_Generation = YES;
				INFOPLIST_KEY_UIApplicationSupportsIndirectInputEvents = YES;
				INFOPLIST_KEY_UILaunchScreen_Generation = YES;
				INFOPLIST_KEY_UISupportedInterfaceOrientations_iPad = "UIInterfaceOrientationPortrait UIInterfaceOrientationPortraitUpsideDown UIInterfaceOrientationLandscapeLeft UIInterfaceOrientationLandscapeRight";
				INFOPLIST_KEY_UISupportedInterfaceOrientations_iPhone = "UIInterfaceOrientationPortrait UIInterfaceOrientationLandscapeLeft UIInterfaceOrientationLandscapeRight";
				LD_RUNPATH_SEARCH_PATHS = (
					"$(inherited)",
					"@executable_path/Frameworks",
				);
				MARKETING_VERSION = 1.0;
				PRODUCT_BUNDLE_IDENTIFIER = sfsu.edu.CalPal;
				PRODUCT_NAME = "$(TARGET_NAME)";
				SWIFT_EMIT_LOC_STRINGS = YES;
				SWIFT_VERSION = 5.0;
				TARGETED_DEVICE_FAMILY = "1,2";
			};
			name = Debug;
		};
		D049CE1727F622510080E226 /* Release */ = {
			isa = XCBuildConfiguration;
			buildSettings = {
				ASSETCATALOG_COMPILER_APPICON_NAME = AppIcon;
				ASSETCATALOG_COMPILER_GLOBAL_ACCENT_COLOR_NAME = AccentColor;
				CODE_SIGN_STYLE = Automatic;
				CURRENT_PROJECT_VERSION = 1;
				DEVELOPMENT_ASSET_PATHS = "\"CalPal/Preview Content\"";
				ENABLE_PREVIEWS = YES;
				GENERATE_INFOPLIST_FILE = YES;
				INFOPLIST_KEY_UIApplicationSceneManifest_Generation = YES;
				INFOPLIST_KEY_UIApplicationSupportsIndirectInputEvents = YES;
				INFOPLIST_KEY_UILaunchScreen_Generation = YES;
				INFOPLIST_KEY_UISupportedInterfaceOrientations_iPad = "UIInterfaceOrientationPortrait UIInterfaceOrientationPortraitUpsideDown UIInterfaceOrientationLandscapeLeft UIInterfaceOrientationLandscapeRight";
				INFOPLIST_KEY_UISupportedInterfaceOrientations_iPhone = "UIInterfaceOrientationPortrait UIInterfaceOrientationLandscapeLeft UIInterfaceOrientationLandscapeRight";
				LD_RUNPATH_SEARCH_PATHS = (
					"$(inherited)",
					"@executable_path/Frameworks",
				);
				MARKETING_VERSION = 1.0;
				PRODUCT_BUNDLE_IDENTIFIER = sfsu.edu.CalPal;
				PRODUCT_NAME = "$(TARGET_NAME)";
				SWIFT_EMIT_LOC_STRINGS = YES;
				SWIFT_VERSION = 5.0;
				TARGETED_DEVICE_FAMILY = "1,2";
			};
			name = Release;
		};
/* End XCBuildConfiguration section */

/* Begin XCConfigurationList section */
		D049CE0227F622500080E226 /* Build configuration list for PBXProject "CalPal" */ = {
			isa = XCConfigurationList;
			buildConfigurations = (
				D049CE1327F622510080E226 /* Debug */,
				D049CE1427F622510080E226 /* Release */,
			);
			defaultConfigurationIsVisible = 0;
			defaultConfigurationName = Release;
		};
		D049CE1527F622510080E226 /* Build configuration list for PBXNativeTarget "CalPal" */ = {
			isa = XCConfigurationList;
			buildConfigurations = (
				D049CE1627F622510080E226 /* Debug */,
				D049CE1727F622510080E226 /* Release */,
			);
			defaultConfigurationIsVisible = 0;
			defaultConfigurationName = Release;
		};
/* End XCConfigurationList section */

/* Begin XCVersionGroup section */
		D0B2595E27F6314A00026898 /* FoodModel.xcdatamodeld */ = {
			isa = XCVersionGroup;
			children = (
				D0B2595F27F6314A00026898 /* FoodModel.xcdatamodel */,
			);
			currentVersion = D0B2595F27F6314A00026898 /* FoodModel.xcdatamodel */;
			path = FoodModel.xcdatamodeld;
			sourceTree = "<group>";
			versionGroupType = wrapper.xcdatamodel;
		};
/* End XCVersionGroup section */
	};
	rootObject = D049CDFF27F622500080E226 /* Project object */;
}
